
Microsoft Visual Studio Solution File, Format Version 12.00
# Visual Studio Version 17
VisualStudioVersion = 17.1.32328.378
MinimumVisualStudioVersion = 10.0.40219.1
Project("{FAE04EC0-301F-11D3-BF4B-00C04F79EFBC}") = "MathTaskClassLibrary", "MathTaskClassLibrary\MathTaskClassLibrary.csproj", "{76F36E44-94DE-4C08-B3DE-D2D8F4056967}"
EndProject
Project("{FAE04EC0-301F-11D3-BF4B-00C04F79EFBC}") = "UnitTests", "UnitTests\UnitTests.csproj", "{2544E51A-A0FA-4480-B1D6-F24E67DBFC14}"
EndProject
Global
	GlobalSection(SolutionConfigurationPlatforms) = preSolution
		Debug|Any CPU = Debug|Any CPU
		Release|Any CPU = Release|Any CPU
	EndGlobalSection
	GlobalSection(ProjectConfigurationPlatforms) = postSolution
		{76F36E44-94DE-4C08-B3DE-D2D8F4056967}.Debug|Any CPU.ActiveCfg = Debug|Any CPU
		{76F36E44-94DE-4C08-B3DE-D2D8F4056967}.Debug|Any CPU.Build.0 = Debug|Any CPU
		{76F36E44-94DE-4C08-B3DE-D2D8F4056967}.Release|Any CPU.ActiveCfg = Release|Any CPU
		{76F36E44-94DE-4C08-B3DE-D2D8F4056967}.Release|Any CPU.Build.0 = Release|Any CPU
		{2544E51A-A0FA-4480-B1D6-F24E67DBFC14}.Debug|Any CPU.ActiveCfg = Debug|Any CPU
		{2544E51A-A0FA-4480-B1D6-F24E67DBFC14}.Debug|Any CPU.Build.0 = Debug|Any CPU
		{2544E51A-A0FA-4480-B1D6-F24E67DBFC14}.Release|Any CPU.ActiveCfg = Release|Any CPU
		{2544E51A-A0FA-4480-B1D6-F24E67DBFC14}.Release|Any CPU.Build.0 = Release|Any CPU
	EndGlobalSection
	GlobalSection(SolutionProperties) = preSolution
		HideSolutionNode = FALSE
	EndGlobalSection
	GlobalSection(ExtensibilityGlobals) = postSolution
		SolutionGuid = {34989D1A-68C9-4BF7-99D4-CC793433284D}
	EndGlobalSection
EndGlobal
